
Microsoft Visual Studio Solution File, Format Version 12.00
# Visual Studio Version 17
VisualStudioVersion = 17.14.36202.13 d17.14
MinimumVisualStudioVersion = 10.0.40219.1
Project("{FAE04EC0-301F-11D3-BF4B-00C04F79EFBC}") = "Task3", "Task3\Task3.csproj", "{9F53A4E8-4200-4A3E-9BAB-9AD84511A944}"
EndProject
Global
	GlobalSection(SolutionConfigurationPlatforms) = preSolution
		Debug|Any CPU = Debug|Any CPU
		Release|Any CPU = Release|Any CPU
	EndGlobalSection
	GlobalSection(ProjectConfigurationPlatforms) = postSolution
		{9F53A4E8-4200-4A3E-9BAB-9AD84511A944}.Debug|Any CPU.ActiveCfg = Debug|Any CPU
		{9F53A4E8-4200-4A3E-9BAB-9AD84511A944}.Debug|Any CPU.Build.0 = Debug|Any CPU
		{9F53A4E8-4200-4A3E-9BAB-9AD84511A944}.Release|Any CPU.ActiveCfg = Release|Any CPU
		{9F53A4E8-4200-4A3E-9BAB-9AD84511A944}.Release|Any CPU.Build.0 = Release|Any CPU
	EndGlobalSection
	GlobalSection(SolutionProperties) = preSolution
		HideSolutionNode = FALSE
	EndGlobalSection
	GlobalSection(ExtensibilityGlobals) = postSolution
		SolutionGuid = {FA1CE8EA-8D25-4895-87BF-D32A12E438C1}
	EndGlobalSection
EndGlobal
